// !$*UTF8*$!
{
	archiveVersion = 1;
	classes = {
	};
	objectVersion = 50;
	objects = {

/* Begin PBXBuildFile section */
		56960DFB20E6E2680074C030 /* AppDelegate.swift in Sources */ = {isa = PBXBuildFile; fileRef = 56960DFA20E6E2680074C030 /* AppDelegate.swift */; };
		56960E0020E6E2680074C030 /* Main.storyboard in Resources */ = {isa = PBXBuildFile; fileRef = 56960DFE20E6E2680074C030 /* Main.storyboard */; };
		56960E0220E6E2680074C030 /* Assets.xcassets in Resources */ = {isa = PBXBuildFile; fileRef = 56960E0120E6E2680074C030 /* Assets.xcassets */; };
		56960E0520E6E2680074C030 /* LaunchScreen.storyboard in Resources */ = {isa = PBXBuildFile; fileRef = 56960E0320E6E2680074C030 /* LaunchScreen.storyboard */; };
		56960E1020E6E2690074C030 /* BudTransactionTests.swift in Sources */ = {isa = PBXBuildFile; fileRef = 56960E0F20E6E2690074C030 /* BudTransactionTests.swift */; };
		56960E2220E6E5530074C030 /* TransactionListPresenter.swift in Sources */ = {isa = PBXBuildFile; fileRef = 56960E1D20E6E5530074C030 /* TransactionListPresenter.swift */; };
		56960E2320E6E5530074C030 /* TransactionListWorker.swift in Sources */ = {isa = PBXBuildFile; fileRef = 56960E1E20E6E5530074C030 /* TransactionListWorker.swift */; };
		56960E2420E6E5530074C030 /* TransactionListModels.swift in Sources */ = {isa = PBXBuildFile; fileRef = 56960E1F20E6E5530074C030 /* TransactionListModels.swift */; };
		56960E2520E6E5530074C030 /* TransactionListViewController.swift in Sources */ = {isa = PBXBuildFile; fileRef = 56960E2020E6E5530074C030 /* TransactionListViewController.swift */; };
		56960E2620E6E5530074C030 /* TransactionListInteractor.swift in Sources */ = {isa = PBXBuildFile; fileRef = 56960E2120E6E5530074C030 /* TransactionListInteractor.swift */; };
		56960E2820E84C540074C030 /* Llyods_Favicon-1_161201_091641.jpg in Resources */ = {isa = PBXBuildFile; fileRef = 56960E2720E84C530074C030 /* Llyods_Favicon-1_161201_091641.jpg */; };
		56960E2B20E8DB230074C030 /* FieldLabel.swift in Sources */ = {isa = PBXBuildFile; fileRef = 56960E2A20E8DB230074C030 /* FieldLabel.swift */; };
		56960E2D20E8F0D80074C030 /* GradientBackground.swift in Sources */ = {isa = PBXBuildFile; fileRef = 56960E2C20E8F0D80074C030 /* GradientBackground.swift */; };
		56960E3020E8F83F0074C030 /* TransactionTableViewCell.swift in Sources */ = {isa = PBXBuildFile; fileRef = 56960E2F20E8F83F0074C030 /* TransactionTableViewCell.swift */; };
/* End PBXBuildFile section */

/* Begin PBXContainerItemProxy section */
		56960E0C20E6E2690074C030 /* PBXContainerItemProxy */ = {
			isa = PBXContainerItemProxy;
			containerPortal = 56960DEF20E6E2680074C030 /* Project object */;
			proxyType = 1;
			remoteGlobalIDString = 56960DF620E6E2680074C030;
			remoteInfo = BudTransaction;
		};
/* End PBXContainerItemProxy section */

/* Begin PBXFileReference section */
		56960DF720E6E2680074C030 /* BudTransaction.app */ = {isa = PBXFileReference; explicitFileType = wrapper.application; includeInIndex = 0; path = BudTransaction.app; sourceTree = BUILT_PRODUCTS_DIR; };
		56960DFA20E6E2680074C030 /* AppDelegate.swift */ = {isa = PBXFileReference; lastKnownFileType = sourcecode.swift; path = AppDelegate.swift; sourceTree = "<group>"; };
		56960DFF20E6E2680074C030 /* Base */ = {isa = PBXFileReference; lastKnownFileType = file.storyboard; name = Base; path = Base.lproj/Main.storyboard; sourceTree = "<group>"; };
		56960E0120E6E2680074C030 /* Assets.xcassets */ = {isa = PBXFileReference; lastKnownFileType = folder.assetcatalog; path = Assets.xcassets; sourceTree = "<group>"; };
		56960E0420E6E2680074C030 /* Base */ = {isa = PBXFileReference; lastKnownFileType = file.storyboard; name = Base; path = Base.lproj/LaunchScreen.storyboard; sourceTree = "<group>"; };
		56960E0620E6E2680074C030 /* Info.plist */ = {isa = PBXFileReference; lastKnownFileType = text.plist.xml; path = Info.plist; sourceTree = "<group>"; };
		56960E0B20E6E2690074C030 /* BudTransactionTests.xctest */ = {isa = PBXFileReference; explicitFileType = wrapper.cfbundle; includeInIndex = 0; path = BudTransactionTests.xctest; sourceTree = BUILT_PRODUCTS_DIR; };
		56960E0F20E6E2690074C030 /* BudTransactionTests.swift */ = {isa = PBXFileReference; lastKnownFileType = sourcecode.swift; path = BudTransactionTests.swift; sourceTree = "<group>"; };
		56960E1120E6E2690074C030 /* Info.plist */ = {isa = PBXFileReference; lastKnownFileType = text.plist.xml; path = Info.plist; sourceTree = "<group>"; };
		56960E1D20E6E5530074C030 /* TransactionListPresenter.swift */ = {isa = PBXFileReference; lastKnownFileType = sourcecode.swift; path = TransactionListPresenter.swift; sourceTree = "<group>"; };
		56960E1E20E6E5530074C030 /* TransactionListWorker.swift */ = {isa = PBXFileReference; lastKnownFileType = sourcecode.swift; path = TransactionListWorker.swift; sourceTree = "<group>"; };
		56960E1F20E6E5530074C030 /* TransactionListModels.swift */ = {isa = PBXFileReference; lastKnownFileType = sourcecode.swift; path = TransactionListModels.swift; sourceTree = "<group>"; };
		56960E2020E6E5530074C030 /* TransactionListViewController.swift */ = {isa = PBXFileReference; lastKnownFileType = sourcecode.swift; path = TransactionListViewController.swift; sourceTree = "<group>"; };
		56960E2120E6E5530074C030 /* TransactionListInteractor.swift */ = {isa = PBXFileReference; lastKnownFileType = sourcecode.swift; path = TransactionListInteractor.swift; sourceTree = "<group>"; };
		56960E2720E84C530074C030 /* Llyods_Favicon-1_161201_091641.jpg */ = {isa = PBXFileReference; lastKnownFileType = image.jpeg; path = "Llyods_Favicon-1_161201_091641.jpg"; sourceTree = "<group>"; };
		56960E2A20E8DB230074C030 /* FieldLabel.swift */ = {isa = PBXFileReference; lastKnownFileType = sourcecode.swift; path = FieldLabel.swift; sourceTree = "<group>"; };
		56960E2C20E8F0D80074C030 /* GradientBackground.swift */ = {isa = PBXFileReference; lastKnownFileType = sourcecode.swift; path = GradientBackground.swift; sourceTree = "<group>"; };
		56960E2F20E8F83F0074C030 /* TransactionTableViewCell.swift */ = {isa = PBXFileReference; lastKnownFileType = sourcecode.swift; path = TransactionTableViewCell.swift; sourceTree = "<group>"; };
/* End PBXFileReference section */

/* Begin PBXFrameworksBuildPhase section */
		56960DF420E6E2680074C030 /* Frameworks */ = {
			isa = PBXFrameworksBuildPhase;
			buildActionMask = 2147483647;
			files = (
			);
			runOnlyForDeploymentPostprocessing = 0;
		};
		56960E0820E6E2690074C030 /* Frameworks */ = {
			isa = PBXFrameworksBuildPhase;
			buildActionMask = 2147483647;
			files = (
			);
			runOnlyForDeploymentPostprocessing = 0;
		};
/* End PBXFrameworksBuildPhase section */

/* Begin PBXGroup section */
		56960DEE20E6E2680074C030 = {
			isa = PBXGroup;
			children = (
				56960DF920E6E2680074C030 /* BudTransaction */,
				56960E0E20E6E2690074C030 /* BudTransactionTests */,
				56960DF820E6E2680074C030 /* Products */,
			);
			sourceTree = "<group>";
		};
		56960DF820E6E2680074C030 /* Products */ = {
			isa = PBXGroup;
			children = (
				56960DF720E6E2680074C030 /* BudTransaction.app */,
				56960E0B20E6E2690074C030 /* BudTransactionTests.xctest */,
			);
			name = Products;
			sourceTree = "<group>";
		};
		56960DF920E6E2680074C030 /* BudTransaction */ = {
			isa = PBXGroup;
			children = (
				56960E2720E84C530074C030 /* Llyods_Favicon-1_161201_091641.jpg */,
				56960DFA20E6E2680074C030 /* AppDelegate.swift */,
				56960E1B20E6E2A00074C030 /* Scenes */,
				56960E1A20E6E27F0074C030 /* Storyboards */,
				56960E2920E8DAC90074C030 /* Shared */,
				56960E0620E6E2680074C030 /* Info.plist */,
				56960E0120E6E2680074C030 /* Assets.xcassets */,
			);
			path = BudTransaction;
			sourceTree = "<group>";
		};
		56960E0E20E6E2690074C030 /* BudTransactionTests */ = {
			isa = PBXGroup;
			children = (
				56960E0F20E6E2690074C030 /* BudTransactionTests.swift */,
				56960E1120E6E2690074C030 /* Info.plist */,
			);
			path = BudTransactionTests;
			sourceTree = "<group>";
		};
		56960E1A20E6E27F0074C030 /* Storyboards */ = {
			isa = PBXGroup;
			children = (
				56960DFE20E6E2680074C030 /* Main.storyboard */,
				56960E0320E6E2680074C030 /* LaunchScreen.storyboard */,
			);
			path = Storyboards;
			sourceTree = "<group>";
		};
		56960E1B20E6E2A00074C030 /* Scenes */ = {
			isa = PBXGroup;
			children = (
				56960E1C20E6E2DF0074C030 /* TransactionList */,
			);
			path = Scenes;
			sourceTree = "<group>";
		};
		56960E1C20E6E2DF0074C030 /* TransactionList */ = {
			isa = PBXGroup;
			children = (
				56960E2E20E8F8110074C030 /* TableViewCells */,
				56960E1D20E6E5530074C030 /* TransactionListPresenter.swift */,
				56960E1E20E6E5530074C030 /* TransactionListWorker.swift */,
				56960E1F20E6E5530074C030 /* TransactionListModels.swift */,
				56960E2020E6E5530074C030 /* TransactionListViewController.swift */,
				56960E2120E6E5530074C030 /* TransactionListInteractor.swift */,
			);
			path = TransactionList;
			sourceTree = "<group>";
		};
		56960E2920E8DAC90074C030 /* Shared */ = {
			isa = PBXGroup;
			children = (
				56960E2A20E8DB230074C030 /* FieldLabel.swift */,
				56960E2C20E8F0D80074C030 /* GradientBackground.swift */,
			);
			path = Shared;
			sourceTree = "<group>";
		};
		56960E2E20E8F8110074C030 /* TableViewCells */ = {
			isa = PBXGroup;
			children = (
				56960E2F20E8F83F0074C030 /* TransactionTableViewCell.swift */,
			);
			path = TableViewCells;
			sourceTree = "<group>";
		};
/* End PBXGroup section */

/* Begin PBXNativeTarget section */
		56960DF620E6E2680074C030 /* BudTransaction */ = {
			isa = PBXNativeTarget;
			buildConfigurationList = 56960E1420E6E2690074C030 /* Build configuration list for PBXNativeTarget "BudTransaction" */;
			buildPhases = (
				56960DF320E6E2680074C030 /* Sources */,
				56960DF420E6E2680074C030 /* Frameworks */,
				56960DF520E6E2680074C030 /* Resources */,
			);
			buildRules = (
			);
			dependencies = (
			);
			name = BudTransaction;
			productName = BudTransaction;
			productReference = 56960DF720E6E2680074C030 /* BudTransaction.app */;
			productType = "com.apple.product-type.application";
		};
		56960E0A20E6E2690074C030 /* BudTransactionTests */ = {
			isa = PBXNativeTarget;
			buildConfigurationList = 56960E1720E6E2690074C030 /* Build configuration list for PBXNativeTarget "BudTransactionTests" */;
			buildPhases = (
				56960E0720E6E2690074C030 /* Sources */,
				56960E0820E6E2690074C030 /* Frameworks */,
				56960E0920E6E2690074C030 /* Resources */,
			);
			buildRules = (
			);
			dependencies = (
				56960E0D20E6E2690074C030 /* PBXTargetDependency */,
			);
			name = BudTransactionTests;
			productName = BudTransactionTests;
			productReference = 56960E0B20E6E2690074C030 /* BudTransactionTests.xctest */;
			productType = "com.apple.product-type.bundle.unit-test";
		};
/* End PBXNativeTarget section */

/* Begin PBXProject section */
		56960DEF20E6E2680074C030 /* Project object */ = {
			isa = PBXProject;
			attributes = {
				LastSwiftUpdateCheck = 0940;
				LastUpgradeCheck = 0940;
				ORGANIZATIONNAME = "Godfrey Bagley-Clarke";
				TargetAttributes = {
					56960DF620E6E2680074C030 = {
						CreatedOnToolsVersion = 9.4.1;
					};
					56960E0A20E6E2690074C030 = {
						CreatedOnToolsVersion = 9.4.1;
						TestTargetID = 56960DF620E6E2680074C030;
					};
				};
			};
			buildConfigurationList = 56960DF220E6E2680074C030 /* Build configuration list for PBXProject "BudTransaction" */;
			compatibilityVersion = "Xcode 9.3";
			developmentRegion = en;
			hasScannedForEncodings = 0;
			knownRegions = (
				en,
				Base,
			);
			mainGroup = 56960DEE20E6E2680074C030;
			productRefGroup = 56960DF820E6E2680074C030 /* Products */;
			projectDirPath = "";
			projectRoot = "";
			targets = (
				56960DF620E6E2680074C030 /* BudTransaction */,
				56960E0A20E6E2690074C030 /* BudTransactionTests */,
			);
		};
/* End PBXProject section */

/* Begin PBXResourcesBuildPhase section */
		56960DF520E6E2680074C030 /* Resources */ = {
			isa = PBXResourcesBuildPhase;
			buildActionMask = 2147483647;
			files = (
				56960E0520E6E2680074C030 /* LaunchScreen.storyboard in Resources */,
				56960E2820E84C540074C030 /* Llyods_Favicon-1_161201_091641.jpg in Resources */,
				56960E0220E6E2680074C030 /* Assets.xcassets in Resources */,
				56960E0020E6E2680074C030 /* Main.storyboard in Resources */,
			);
			runOnlyForDeploymentPostprocessing = 0;
		};
		56960E0920E6E2690074C030 /* Resources */ = {
			isa = PBXResourcesBuildPhase;
			buildActionMask = 2147483647;
			files = (
			);
			runOnlyForDeploymentPostprocessing = 0;
		};
/* End PBXResourcesBuildPhase section */

/* Begin PBXSourcesBuildPhase section */
		56960DF320E6E2680074C030 /* Sources */ = {
			isa = PBXSourcesBuildPhase;
			buildActionMask = 2147483647;
			files = (
				56960E2420E6E5530074C030 /* TransactionListModels.swift in Sources */,
				56960E2D20E8F0D80074C030 /* GradientBackground.swift in Sources */,
				56960E2620E6E5530074C030 /* TransactionListInteractor.swift in Sources */,
				56960E2520E6E5530074C030 /* TransactionListViewController.swift in Sources */,
				56960DFB20E6E2680074C030 /* AppDelegate.swift in Sources */,
				56960E2320E6E5530074C030 /* TransactionListWorker.swift in Sources */,
				56960E2220E6E5530074C030 /* TransactionListPresenter.swift in Sources */,
				56960E3020E8F83F0074C030 /* TransactionTableViewCell.swift in Sources */,
				56960E2B20E8DB230074C030 /* FieldLabel.swift in Sources */,
			);
			runOnlyForDeploymentPostprocessing = 0;
		};
		56960E0720E6E2690074C030 /* Sources */ = {
			isa = PBXSourcesBuildPhase;
			buildActionMask = 2147483647;
			files = (
				56960E1020E6E2690074C030 /* BudTransactionTests.swift in Sources */,
			);
			runOnlyForDeploymentPostprocessing = 0;
		};
/* End PBXSourcesBuildPhase section */

/* Begin PBXTargetDependency section */
		56960E0D20E6E2690074C030 /* PBXTargetDependency */ = {
			isa = PBXTargetDependency;
			target = 56960DF620E6E2680074C030 /* BudTransaction */;
			targetProxy = 56960E0C20E6E2690074C030 /* PBXContainerItemProxy */;
		};
/* End PBXTargetDependency section */

/* Begin PBXVariantGroup section */
		56960DFE20E6E2680074C030 /* Main.storyboard */ = {
			isa = PBXVariantGroup;
			children = (
				56960DFF20E6E2680074C030 /* Base */,
			);
			name = Main.storyboard;
			sourceTree = "<group>";
		};
		56960E0320E6E2680074C030 /* LaunchScreen.storyboard */ = {
			isa = PBXVariantGroup;
			children = (
				56960E0420E6E2680074C030 /* Base */,
			);
			name = LaunchScreen.storyboard;
			sourceTree = "<group>";
		};
/* End PBXVariantGroup section */

/* Begin XCBuildConfiguration section */
		56960E1220E6E2690074C030 /* Debug */ = {
			isa = XCBuildConfiguration;
			buildSettings = {
				ALWAYS_SEARCH_USER_PATHS = NO;
				CLANG_ANALYZER_NONNULL = YES;
				CLANG_ANALYZER_NUMBER_OBJECT_CONVERSION = YES_AGGRESSIVE;
				CLANG_CXX_LANGUAGE_STANDARD = "gnu++14";
				CLANG_CXX_LIBRARY = "libc++";
				CLANG_ENABLE_MODULES = YES;
				CLANG_ENABLE_OBJC_ARC = YES;
				CLANG_ENABLE_OBJC_WEAK = YES;
				CLANG_WARN_BLOCK_CAPTURE_AUTORELEASING = YES;
				CLANG_WARN_BOOL_CONVERSION = YES;
				CLANG_WARN_COMMA = YES;
				CLANG_WARN_CONSTANT_CONVERSION = YES;
				CLANG_WARN_DEPRECATED_OBJC_IMPLEMENTATIONS = YES;
				CLANG_WARN_DIRECT_OBJC_ISA_USAGE = YES_ERROR;
				CLANG_WARN_DOCUMENTATION_COMMENTS = YES;
				CLANG_WARN_EMPTY_BODY = YES;
				CLANG_WARN_ENUM_CONVERSION = YES;
				CLANG_WARN_INFINITE_RECURSION = YES;
				CLANG_WARN_INT_CONVERSION = YES;
				CLANG_WARN_NON_LITERAL_NULL_CONVERSION = YES;
				CLANG_WARN_OBJC_IMPLICIT_RETAIN_SELF = YES;
				CLANG_WARN_OBJC_LITERAL_CONVERSION = YES;
				CLANG_WARN_OBJC_ROOT_CLASS = YES_ERROR;
				CLANG_WARN_RANGE_LOOP_ANALYSIS = YES;
				CLANG_WARN_STRICT_PROTOTYPES = YES;
				CLANG_WARN_SUSPICIOUS_MOVE = YES;
				CLANG_WARN_UNGUARDED_AVAILABILITY = YES_AGGRESSIVE;
				CLANG_WARN_UNREACHABLE_CODE = YES;
				CLANG_WARN__DUPLICATE_METHOD_MATCH = YES;
				CODE_SIGN_IDENTITY = "iPhone Developer";
				COPY_PHASE_STRIP = NO;
				DEBUG_INFORMATION_FORMAT = dwarf;
				ENABLE_STRICT_OBJC_MSGSEND = YES;
				ENABLE_TESTABILITY = YES;
				GCC_C_LANGUAGE_STANDARD = gnu11;
				GCC_DYNAMIC_NO_PIC = NO;
				GCC_NO_COMMON_BLOCKS = YES;
				GCC_OPTIMIZATION_LEVEL = 0;
				GCC_PREPROCESSOR_DEFINITIONS = (
					"DEBUG=1",
					"$(inherited)",
				);
				GCC_WARN_64_TO_32_BIT_CONVERSION = YES;
				GCC_WARN_ABOUT_RETURN_TYPE = YES_ERROR;
				GCC_WARN_UNDECLARED_SELECTOR = YES;
				GCC_WARN_UNINITIALIZED_AUTOS = YES_AGGRESSIVE;
				GCC_WARN_UNUSED_FUNCTION = YES;
				GCC_WARN_UNUSED_VARIABLE = YES;
				IPHONEOS_DEPLOYMENT_TARGET = 11.4;
				MTL_ENABLE_DEBUG_INFO = YES;
				ONLY_ACTIVE_ARCH = YES;
				SDKROOT = iphoneos;
				SWIFT_ACTIVE_COMPILATION_CONDITIONS = DEBUG;
				SWIFT_OPTIMIZATION_LEVEL = "-Onone";
			};
			name = Debug;
		};
		56960E1320E6E2690074C030 /* Release */ = {
			isa = XCBuildConfiguration;
			buildSettings = {
				ALWAYS_SEARCH_USER_PATHS = NO;
				CLANG_ANALYZER_NONNULL = YES;
				CLANG_ANALYZER_NUMBER_OBJECT_CONVERSION = YES_AGGRESSIVE;
				CLANG_CXX_LANGUAGE_STANDARD = "gnu++14";
				CLANG_CXX_LIBRARY = "libc++";
				CLANG_ENABLE_MODULES = YES;
				CLANG_ENABLE_OBJC_ARC = YES;
				CLANG_ENABLE_OBJC_WEAK = YES;
				CLANG_WARN_BLOCK_CAPTURE_AUTORELEASING = YES;
				CLANG_WARN_BOOL_CONVERSION = YES;
				CLANG_WARN_COMMA = YES;
				CLANG_WARN_CONSTANT_CONVERSION = YES;
				CLANG_WARN_DEPRECATED_OBJC_IMPLEMENTATIONS = YES;
				CLANG_WARN_DIRECT_OBJC_ISA_USAGE = YES_ERROR;
				CLANG_WARN_DOCUMENTATION_COMMENTS = YES;
				CLANG_WARN_EMPTY_BODY = YES;
				CLANG_WARN_ENUM_CONVERSION = YES;
				CLANG_WARN_INFINITE_RECURSION = YES;
				CLANG_WARN_INT_CONVERSION = YES;
				CLANG_WARN_NON_LITERAL_NULL_CONVERSION = YES;
				CLANG_WARN_OBJC_IMPLICIT_RETAIN_SELF = YES;
				CLANG_WARN_OBJC_LITERAL_CONVERSION = YES;
				CLANG_WARN_OBJC_ROOT_CLASS = YES_ERROR;
				CLANG_WARN_RANGE_LOOP_ANALYSIS = YES;
				CLANG_WARN_STRICT_PROTOTYPES = YES;
				CLANG_WARN_SUSPICIOUS_MOVE = YES;
				CLANG_WARN_UNGUARDED_AVAILABILITY = YES_AGGRESSIVE;
				CLANG_WARN_UNREACHABLE_CODE = YES;
				CLANG_WARN__DUPLICATE_METHOD_MATCH = YES;
				CODE_SIGN_IDENTITY = "iPhone Developer";
				COPY_PHASE_STRIP = NO;
				DEBUG_INFORMATION_FORMAT = "dwarf-with-dsym";
				ENABLE_NS_ASSERTIONS = NO;
				ENABLE_STRICT_OBJC_MSGSEND = YES;
				GCC_C_LANGUAGE_STANDARD = gnu11;
				GCC_NO_COMMON_BLOCKS = YES;
				GCC_WARN_64_TO_32_BIT_CONVERSION = YES;
				GCC_WARN_ABOUT_RETURN_TYPE = YES_ERROR;
				GCC_WARN_UNDECLARED_SELECTOR = YES;
				GCC_WARN_UNINITIALIZED_AUTOS = YES_AGGRESSIVE;
				GCC_WARN_UNUSED_FUNCTION = YES;
				GCC_WARN_UNUSED_VARIABLE = YES;
				IPHONEOS_DEPLOYMENT_TARGET = 11.4;
				MTL_ENABLE_DEBUG_INFO = NO;
				SDKROOT = iphoneos;
				SWIFT_COMPILATION_MODE = wholemodule;
				SWIFT_OPTIMIZATION_LEVEL = "-O";
				VALIDATE_PRODUCT = YES;
			};
			name = Release;
		};
		56960E1520E6E2690074C030 /* Debug */ = {
			isa = XCBuildConfiguration;
			buildSettings = {
				ASSETCATALOG_COMPILER_APPICON_NAME = AppIcon;
				CODE_SIGN_STYLE = Automatic;
				DEVELOPMENT_TEAM = E834F63692;
				INFOPLIST_FILE = BudTransaction/Info.plist;
				LD_RUNPATH_SEARCH_PATHS = (
					"$(inherited)",
					"@executable_path/Frameworks",
				);
				PRODUCT_BUNDLE_IDENTIFIER = Hercules.BudTransaction;
				PRODUCT_NAME = "$(TARGET_NAME)";
				SWIFT_VERSION = 4.0;
				TARGETED_DEVICE_FAMILY = "1,2";
			};
			name = Debug;
		};
		56960E1620E6E2690074C030 /* Release */ = {
			isa = XCBuildConfiguration;
			buildSettings = {
				ASSETCATALOG_COMPILER_APPICON_NAME = AppIcon;
				CODE_SIGN_STYLE = Automatic;
				DEVELOPMENT_TEAM = E834F63692;
				INFOPLIST_FILE = BudTransaction/Info.plist;
				LD_RUNPATH_SEARCH_PATHS = (
					"$(inherited)",
					"@executable_path/Frameworks",
				);
				PRODUCT_BUNDLE_IDENTIFIER = Hercules.BudTransaction;
				PRODUCT_NAME = "$(TARGET_NAME)";
				SWIFT_VERSION = 4.0;
				TARGETED_DEVICE_FAMILY = "1,2";
			};
			name = Release;
		};
		56960E1820E6E2690074C030 /* Debug */ = {
			isa = XCBuildConfiguration;
			buildSettings = {
				ALWAYS_EMBED_SWIFT_STANDARD_LIBRARIES = YES;
				BUNDLE_LOADER = "$(TEST_HOST)";
				CODE_SIGN_STYLE = Automatic;
				DEVELOPMENT_TEAM = E834F63692;
				INFOPLIST_FILE = BudTransactionTests/Info.plist;
				LD_RUNPATH_SEARCH_PATHS = (
					"$(inherited)",
					"@executable_path/Frameworks",
					"@loader_path/Frameworks",
				);
				PRODUCT_BUNDLE_IDENTIFIER = Hercules.BudTransactionTests;
				PRODUCT_NAME = "$(TARGET_NAME)";
				SWIFT_VERSION = 4.0;
				TARGETED_DEVICE_FAMILY = "1,2";
				TEST_HOST = "$(BUILT_PRODUCTS_DIR)/BudTransaction.app/BudTransaction";
			};
			name = Debug;
		};
		56960E1920E6E2690074C030 /* Release */ = {
			isa = XCBuildConfiguration;
			buildSettings = {
				ALWAYS_EMBED_SWIFT_STANDARD_LIBRARIES = YES;
				BUNDLE_LOADER = "$(TEST_HOST)";
				CODE_SIGN_STYLE = Automatic;
				DEVELOPMENT_TEAM = E834F63692;
				INFOPLIST_FILE = BudTransactionTests/Info.plist;
				LD_RUNPATH_SEARCH_PATHS = (
					"$(inherited)",
					"@executable_path/Frameworks",
					"@loader_path/Frameworks",
				);
				PRODUCT_BUNDLE_IDENTIFIER = Hercules.BudTransactionTests;
				PRODUCT_NAME = "$(TARGET_NAME)";
				SWIFT_VERSION = 4.0;
				TARGETED_DEVICE_FAMILY = "1,2";
				TEST_HOST = "$(BUILT_PRODUCTS_DIR)/BudTransaction.app/BudTransaction";
			};
			name = Release;
		};
/* End XCBuildConfiguration section */

/* Begin XCConfigurationList section */
		56960DF220E6E2680074C030 /* Build configuration list for PBXProject "BudTransaction" */ = {
			isa = XCConfigurationList;
			buildConfigurations = (
				56960E1220E6E2690074C030 /* Debug */,
				56960E1320E6E2690074C030 /* Release */,
			);
			defaultConfigurationIsVisible = 0;
			defaultConfigurationName = Release;
		};
		56960E1420E6E2690074C030 /* Build configuration list for PBXNativeTarget "BudTransaction" */ = {
			isa = XCConfigurationList;
			buildConfigurations = (
				56960E1520E6E2690074C030 /* Debug */,
				56960E1620E6E2690074C030 /* Release */,
			);
			defaultConfigurationIsVisible = 0;
			defaultConfigurationName = Release;
		};
		56960E1720E6E2690074C030 /* Build configuration list for PBXNativeTarget "BudTransactionTests" */ = {
			isa = XCConfigurationList;
			buildConfigurations = (
				56960E1820E6E2690074C030 /* Debug */,
				56960E1920E6E2690074C030 /* Release */,
			);
			defaultConfigurationIsVisible = 0;
			defaultConfigurationName = Release;
		};
/* End XCConfigurationList section */
	};
	rootObject = 56960DEF20E6E2680074C030 /* Project object */;
}
